// !$*UTF8*$!
{
	archiveVersion = 1;
	classes = {
	};
	objectVersion = 55;
	objects = {

/* Begin PBXBuildFile section */
		210985EA288E484383ABD698 /* Pods_Flash_Chat.framework in Frameworks */ = {isa = PBXBuildFile; fileRef = 8453B8251827F7DB785C092E /* Pods_Flash_Chat.framework */; };
		3B11322127E0EE5900B5B499 /* GoogleService-Info.plist in Resources */ = {isa = PBXBuildFile; fileRef = 3B11322027E0EE5900B5B499 /* GoogleService-Info.plist */; };
		3B48B27D27E2669200CEBA92 /* Constants.swift in Sources */ = {isa = PBXBuildFile; fileRef = 3B48B27C27E2669200CEBA92 /* Constants.swift */; };
		3B48B27F27E2689C00CEBA92 /* Message.swift in Sources */ = {isa = PBXBuildFile; fileRef = 3B48B27E27E2689C00CEBA92 /* Message.swift */; };
		3BB081DC27DF616B00F718E4 /* AppDelegate.swift in Sources */ = {isa = PBXBuildFile; fileRef = 3BB081DB27DF616B00F718E4 /* AppDelegate.swift */; };
		3BB081DE27DF616B00F718E4 /* SceneDelegate.swift in Sources */ = {isa = PBXBuildFile; fileRef = 3BB081DD27DF616B00F718E4 /* SceneDelegate.swift */; };
		3BB081E027DF616B00F718E4 /* WelcomeViewController.swift in Sources */ = {isa = PBXBuildFile; fileRef = 3BB081DF27DF616B00F718E4 /* WelcomeViewController.swift */; };
		3BB081E327DF616B00F718E4 /* Main.storyboard in Resources */ = {isa = PBXBuildFile; fileRef = 3BB081E127DF616B00F718E4 /* Main.storyboard */; };
		3BB081E527DF616E00F718E4 /* Assets.xcassets in Resources */ = {isa = PBXBuildFile; fileRef = 3BB081E427DF616E00F718E4 /* Assets.xcassets */; };
		3BB081E827DF616E00F718E4 /* LaunchScreen.storyboard in Resources */ = {isa = PBXBuildFile; fileRef = 3BB081E627DF616E00F718E4 /* LaunchScreen.storyboard */; };
		3BB081F327DF76A900F718E4 /* SignUpViewController.swift in Sources */ = {isa = PBXBuildFile; fileRef = 3BB081F227DF76A900F718E4 /* SignUpViewController.swift */; };
		3BB081F527DF76B800F718E4 /* SignInViewController.swift in Sources */ = {isa = PBXBuildFile; fileRef = 3BB081F427DF76B800F718E4 /* SignInViewController.swift */; };
		3BB081F727DF76C800F718E4 /* ChatViewController.swift in Sources */ = {isa = PBXBuildFile; fileRef = 3BB081F627DF76C800F718E4 /* ChatViewController.swift */; };
		3BB4074227E3C20F00604283 /* MessageCell.swift in Sources */ = {isa = PBXBuildFile; fileRef = 3BB4074027E3C20F00604283 /* MessageCell.swift */; };
		3BB4074327E3C20F00604283 /* MessageCell.xib in Resources */ = {isa = PBXBuildFile; fileRef = 3BB4074127E3C20F00604283 /* MessageCell.xib */; };
/* End PBXBuildFile section */

/* Begin PBXFileReference section */
		3B08CBB327E9F66F0064336D /* Flash Chat.entitlements */ = {isa = PBXFileReference; lastKnownFileType = text.plist.entitlements; path = "Flash Chat.entitlements"; sourceTree = "<group>"; };
		3B11322027E0EE5900B5B499 /* GoogleService-Info.plist */ = {isa = PBXFileReference; fileEncoding = 4; lastKnownFileType = text.plist.xml; path = "GoogleService-Info.plist"; sourceTree = "<group>"; };
		3B48B27C27E2669200CEBA92 /* Constants.swift */ = {isa = PBXFileReference; lastKnownFileType = sourcecode.swift; path = Constants.swift; sourceTree = "<group>"; };
		3B48B27E27E2689C00CEBA92 /* Message.swift */ = {isa = PBXFileReference; lastKnownFileType = sourcecode.swift; path = Message.swift; sourceTree = "<group>"; };
		3BB081D827DF616B00F718E4 /* Flash Chat.app */ = {isa = PBXFileReference; explicitFileType = wrapper.application; includeInIndex = 0; path = "Flash Chat.app"; sourceTree = BUILT_PRODUCTS_DIR; };
		3BB081DB27DF616B00F718E4 /* AppDelegate.swift */ = {isa = PBXFileReference; lastKnownFileType = sourcecode.swift; path = AppDelegate.swift; sourceTree = "<group>"; };
		3BB081DD27DF616B00F718E4 /* SceneDelegate.swift */ = {isa = PBXFileReference; lastKnownFileType = sourcecode.swift; path = SceneDelegate.swift; sourceTree = "<group>"; };
		3BB081DF27DF616B00F718E4 /* WelcomeViewController.swift */ = {isa = PBXFileReference; lastKnownFileType = sourcecode.swift; path = WelcomeViewController.swift; sourceTree = "<group>"; };
		3BB081E227DF616B00F718E4 /* Base */ = {isa = PBXFileReference; lastKnownFileType = file.storyboard; name = Base; path = Base.lproj/Main.storyboard; sourceTree = "<group>"; };
		3BB081E427DF616E00F718E4 /* Assets.xcassets */ = {isa = PBXFileReference; lastKnownFileType = folder.assetcatalog; path = Assets.xcassets; sourceTree = "<group>"; };
		3BB081E727DF616E00F718E4 /* Base */ = {isa = PBXFileReference; lastKnownFileType = file.storyboard; name = Base; path = Base.lproj/LaunchScreen.storyboard; sourceTree = "<group>"; };
		3BB081E927DF616E00F718E4 /* Info.plist */ = {isa = PBXFileReference; lastKnownFileType = text.plist.xml; path = Info.plist; sourceTree = "<group>"; };
		3BB081F227DF76A900F718E4 /* SignUpViewController.swift */ = {isa = PBXFileReference; lastKnownFileType = sourcecode.swift; path = SignUpViewController.swift; sourceTree = "<group>"; };
		3BB081F427DF76B800F718E4 /* SignInViewController.swift */ = {isa = PBXFileReference; lastKnownFileType = sourcecode.swift; path = SignInViewController.swift; sourceTree = "<group>"; };
		3BB081F627DF76C800F718E4 /* ChatViewController.swift */ = {isa = PBXFileReference; lastKnownFileType = sourcecode.swift; path = ChatViewController.swift; sourceTree = "<group>"; };
		3BB4074027E3C20F00604283 /* MessageCell.swift */ = {isa = PBXFileReference; lastKnownFileType = sourcecode.swift; path = MessageCell.swift; sourceTree = "<group>"; };
		3BB4074127E3C20F00604283 /* MessageCell.xib */ = {isa = PBXFileReference; lastKnownFileType = file.xib; path = MessageCell.xib; sourceTree = "<group>"; };
		8453B8251827F7DB785C092E /* Pods_Flash_Chat.framework */ = {isa = PBXFileReference; explicitFileType = wrapper.framework; includeInIndex = 0; path = Pods_Flash_Chat.framework; sourceTree = BUILT_PRODUCTS_DIR; };
		E559EEC40AFEC89B3B0B4A27 /* Pods-Flash Chat.release.xcconfig */ = {isa = PBXFileReference; includeInIndex = 1; lastKnownFileType = text.xcconfig; name = "Pods-Flash Chat.release.xcconfig"; path = "Target Support Files/Pods-Flash Chat/Pods-Flash Chat.release.xcconfig"; sourceTree = "<group>"; };
		F25F7C624AA6E7D03CDA4FAC /* Pods-Flash Chat.debug.xcconfig */ = {isa = PBXFileReference; includeInIndex = 1; lastKnownFileType = text.xcconfig; name = "Pods-Flash Chat.debug.xcconfig"; path = "Target Support Files/Pods-Flash Chat/Pods-Flash Chat.debug.xcconfig"; sourceTree = "<group>"; };
/* End PBXFileReference section */

/* Begin PBXFrameworksBuildPhase section */
		3BB081D527DF616B00F718E4 /* Frameworks */ = {
			isa = PBXFrameworksBuildPhase;
			buildActionMask = 2147483647;
			files = (
				210985EA288E484383ABD698 /* Pods_Flash_Chat.framework in Frameworks */,
			);
			runOnlyForDeploymentPostprocessing = 0;
		};
/* End PBXFrameworksBuildPhase section */

/* Begin PBXGroup section */
		34AF79FAC3FBAA52158AB99C /* Frameworks */ = {
			isa = PBXGroup;
			children = (
				8453B8251827F7DB785C092E /* Pods_Flash_Chat.framework */,
			);
			name = Frameworks;
			sourceTree = "<group>";
		};
		3BB081CF27DF616B00F718E4 = {
			isa = PBXGroup;
			children = (
				3BB081DA27DF616B00F718E4 /* Flash Chat */,
				3BB081D927DF616B00F718E4 /* Products */,
				CE8E875123D90CD76790D004 /* Pods */,
				34AF79FAC3FBAA52158AB99C /* Frameworks */,
			);
			sourceTree = "<group>";
		};
		3BB081D927DF616B00F718E4 /* Products */ = {
			isa = PBXGroup;
			children = (
				3BB081D827DF616B00F718E4 /* Flash Chat.app */,
			);
			name = Products;
			sourceTree = "<group>";
		};
		3BB081DA27DF616B00F718E4 /* Flash Chat */ = {
			isa = PBXGroup;
			children = (
				3B08CBB327E9F66F0064336D /* Flash Chat.entitlements */,
				3BB081DB27DF616B00F718E4 /* AppDelegate.swift */,
				3BB081DD27DF616B00F718E4 /* SceneDelegate.swift */,
				3BB081F127DF75AF00F718E4 /* Model */,
				3BB081F027DF759E00F718E4 /* View */,
				3BB081EF27DF759500F718E4 /* Controller */,
				3BB081E427DF616E00F718E4 /* Assets.xcassets */,
				3BB081E627DF616E00F718E4 /* LaunchScreen.storyboard */,
				3BB081E927DF616E00F718E4 /* Info.plist */,
				3B11322027E0EE5900B5B499 /* GoogleService-Info.plist */,
				3B48B27C27E2669200CEBA92 /* Constants.swift */,
			);
			path = "Flash Chat";
			sourceTree = "<group>";
		};
		3BB081EF27DF759500F718E4 /* Controller */ = {
			isa = PBXGroup;
			children = (
				3BB081DF27DF616B00F718E4 /* WelcomeViewController.swift */,
				3BB081F227DF76A900F718E4 /* SignUpViewController.swift */,
				3BB081F427DF76B800F718E4 /* SignInViewController.swift */,
				3BB081F627DF76C800F718E4 /* ChatViewController.swift */,
			);
			path = Controller;
			sourceTree = "<group>";
		};
		3BB081F027DF759E00F718E4 /* View */ = {
			isa = PBXGroup;
			children = (
				3BB081E127DF616B00F718E4 /* Main.storyboard */,
				3BB4074027E3C20F00604283 /* MessageCell.swift */,
				3BB4074127E3C20F00604283 /* MessageCell.xib */,
			);
			path = View;
			sourceTree = "<group>";
		};
		3BB081F127DF75AF00F718E4 /* Model */ = {
			isa = PBXGroup;
			children = (
				3B48B27E27E2689C00CEBA92 /* Message.swift */,
			);
			path = Model;
			sourceTree = "<group>";
		};
		CE8E875123D90CD76790D004 /* Pods */ = {
			isa = PBXGroup;
			children = (
				F25F7C624AA6E7D03CDA4FAC /* Pods-Flash Chat.debug.xcconfig */,
				E559EEC40AFEC89B3B0B4A27 /* Pods-Flash Chat.release.xcconfig */,
			);
			path = Pods;
			sourceTree = "<group>";
		};
/* End PBXGroup section */

/* Begin PBXNativeTarget section */
		3BB081D727DF616B00F718E4 /* Flash Chat */ = {
			isa = PBXNativeTarget;
			buildConfigurationList = 3BB081EC27DF616E00F718E4 /* Build configuration list for PBXNativeTarget "Flash Chat" */;
			buildPhases = (
				57BD618A116EC58D195551B7 /* [CP] Check Pods Manifest.lock */,
				3BB081D427DF616B00F718E4 /* Sources */,
				3BB081D527DF616B00F718E4 /* Frameworks */,
				3BB081D627DF616B00F718E4 /* Resources */,
				C51D80191515F2872B7AB101 /* [CP] Embed Pods Frameworks */,
			);
			buildRules = (
			);
			dependencies = (
			);
			name = "Flash Chat";
			productName = "Flash Chat";
			productReference = 3BB081D827DF616B00F718E4 /* Flash Chat.app */;
			productType = "com.apple.product-type.application";
		};
/* End PBXNativeTarget section */

/* Begin PBXProject section */
		3BB081D027DF616B00F718E4 /* Project object */ = {
			isa = PBXProject;
			attributes = {
				BuildIndependentTargetsInParallel = YES;
				LastSwiftUpdateCheck = 1320;
				LastUpgradeCheck = 1320;
				TargetAttributes = {
					3BB081D727DF616B00F718E4 = {
						CreatedOnToolsVersion = 13.2.1;
					};
				};
			};
			buildConfigurationList = 3BB081D327DF616B00F718E4 /* Build configuration list for PBXProject "Flash Chat" */;
			compatibilityVersion = "Xcode 13.0";
			developmentRegion = en;
			hasScannedForEncodings = 0;
			knownRegions = (
				en,
				Base,
			);
			mainGroup = 3BB081CF27DF616B00F718E4;
			productRefGroup = 3BB081D927DF616B00F718E4 /* Products */;
			projectDirPath = "";
			projectRoot = "";
			targets = (
				3BB081D727DF616B00F718E4 /* Flash Chat */,
			);
		};
/* End PBXProject section */

/* Begin PBXResourcesBuildPhase section */
		3BB081D627DF616B00F718E4 /* Resources */ = {
			isa = PBXResourcesBuildPhase;
			buildActionMask = 2147483647;
			files = (
				3BB4074327E3C20F00604283 /* MessageCell.xib in Resources */,
				3BB081E827DF616E00F718E4 /* LaunchScreen.storyboard in Resources */,
				3B11322127E0EE5900B5B499 /* GoogleService-Info.plist in Resources */,
				3BB081E527DF616E00F718E4 /* Assets.xcassets in Resources */,
				3BB081E327DF616B00F718E4 /* Main.storyboard in Resources */,
			);
			runOnlyForDeploymentPostprocessing = 0;
		};
/* End PBXResourcesBuildPhase section */

/* Begin PBXShellScriptBuildPhase section */
		57BD618A116EC58D195551B7 /* [CP] Check Pods Manifest.lock */ = {
			isa = PBXShellScriptBuildPhase;
			buildActionMask = 2147483647;
			files = (
			);
			inputFileListPaths = (
			);
			inputPaths = (
				"${PODS_PODFILE_DIR_PATH}/Podfile.lock",
				"${PODS_ROOT}/Manifest.lock",
			);
			name = "[CP] Check Pods Manifest.lock";
			outputFileListPaths = (
			);
			outputPaths = (
				"$(DERIVED_FILE_DIR)/Pods-Flash Chat-checkManifestLockResult.txt",
			);
			runOnlyForDeploymentPostprocessing = 0;
			shellPath = /bin/sh;
			shellScript = "diff \"${PODS_PODFILE_DIR_PATH}/Podfile.lock\" \"${PODS_ROOT}/Manifest.lock\" > /dev/null\nif [ $? != 0 ] ; then\n    # print error to STDERR\n    echo \"error: The sandbox is not in sync with the Podfile.lock. Run 'pod install' or update your CocoaPods installation.\" >&2\n    exit 1\nfi\n# This output is used by Xcode 'outputs' to avoid re-running this script phase.\necho \"SUCCESS\" > \"${SCRIPT_OUTPUT_FILE_0}\"\n";
			showEnvVarsInLog = 0;
		};
		C51D80191515F2872B7AB101 /* [CP] Embed Pods Frameworks */ = {
			isa = PBXShellScriptBuildPhase;
			buildActionMask = 2147483647;
			files = (
			);
			inputFileListPaths = (
				"${PODS_ROOT}/Target Support Files/Pods-Flash Chat/Pods-Flash Chat-frameworks-${CONFIGURATION}-input-files.xcfilelist",
			);
			name = "[CP] Embed Pods Frameworks";
			outputFileListPaths = (
				"${PODS_ROOT}/Target Support Files/Pods-Flash Chat/Pods-Flash Chat-frameworks-${CONFIGURATION}-output-files.xcfilelist",
			);
			runOnlyForDeploymentPostprocessing = 0;
			shellPath = /bin/sh;
			shellScript = "\"${PODS_ROOT}/Target Support Files/Pods-Flash Chat/Pods-Flash Chat-frameworks.sh\"\n";
			showEnvVarsInLog = 0;
		};
/* End PBXShellScriptBuildPhase section */

/* Begin PBXSourcesBuildPhase section */
		3BB081D427DF616B00F718E4 /* Sources */ = {
			isa = PBXSourcesBuildPhase;
			buildActionMask = 2147483647;
			files = (
				3BB081E027DF616B00F718E4 /* WelcomeViewController.swift in Sources */,
				3BB081DC27DF616B00F718E4 /* AppDelegate.swift in Sources */,
				3BB081F327DF76A900F718E4 /* SignUpViewController.swift in Sources */,
				3BB081F527DF76B800F718E4 /* SignInViewController.swift in Sources */,
				3B48B27D27E2669200CEBA92 /* Constants.swift in Sources */,
				3B48B27F27E2689C00CEBA92 /* Message.swift in Sources */,
				3BB081F727DF76C800F718E4 /* ChatViewController.swift in Sources */,
				3BB081DE27DF616B00F718E4 /* SceneDelegate.swift in Sources */,
				3BB4074227E3C20F00604283 /* MessageCell.swift in Sources */,
			);
			runOnlyForDeploymentPostprocessing = 0;
		};
/* End PBXSourcesBuildPhase section */

/* Begin PBXVariantGroup section */
		3BB081E127DF616B00F718E4 /* Main.storyboard */ = {
			isa = PBXVariantGroup;
			children = (
				3BB081E227DF616B00F718E4 /* Base */,
			);
			name = Main.storyboard;
			sourceTree = "<group>";
		};
		3BB081E627DF616E00F718E4 /* LaunchScreen.storyboard */ = {
			isa = PBXVariantGroup;
			children = (
				3BB081E727DF616E00F718E4 /* Base */,
			);
			name = LaunchScreen.storyboard;
			sourceTree = "<group>";
		};
/* End PBXVariantGroup section */

/* Begin XCBuildConfiguration section */
		3BB081EA27DF616E00F718E4 /* Debug */ = {
			isa = XCBuildConfiguration;
			buildSettings = {
				ALWAYS_SEARCH_USER_PATHS = NO;
				CLANG_ANALYZER_NONNULL = YES;
				CLANG_ANALYZER_NUMBER_OBJECT_CONVERSION = YES_AGGRESSIVE;
				CLANG_CXX_LANGUAGE_STANDARD = "gnu++17";
				CLANG_CXX_LIBRARY = "libc++";
				CLANG_ENABLE_MODULES = YES;
				CLANG_ENABLE_OBJC_ARC = YES;
				CLANG_ENABLE_OBJC_WEAK = YES;
				CLANG_WARN_BLOCK_CAPTURE_AUTORELEASING = YES;
				CLANG_WARN_BOOL_CONVERSION = YES;
				CLANG_WARN_COMMA = YES;
				CLANG_WARN_CONSTANT_CONVERSION = YES;
				CLANG_WARN_DEPRECATED_OBJC_IMPLEMENTATIONS = YES;
				CLANG_WARN_DIRECT_OBJC_ISA_USAGE = YES_ERROR;
				CLANG_WARN_DOCUMENTATION_COMMENTS = YES;
				CLANG_WARN_EMPTY_BODY = YES;
				CLANG_WARN_ENUM_CONVERSION = YES;
				CLANG_WARN_INFINITE_RECURSION = YES;
				CLANG_WARN_INT_CONVERSION = YES;
				CLANG_WARN_NON_LITERAL_NULL_CONVERSION = YES;
				CLANG_WARN_OBJC_IMPLICIT_RETAIN_SELF = YES;
				CLANG_WARN_OBJC_LITERAL_CONVERSION = YES;
				CLANG_WARN_OBJC_ROOT_CLASS = YES_ERROR;
				CLANG_WARN_QUOTED_INCLUDE_IN_FRAMEWORK_HEADER = YES;
				CLANG_WARN_RANGE_LOOP_ANALYSIS = YES;
				CLANG_WARN_STRICT_PROTOTYPES = YES;
				CLANG_WARN_SUSPICIOUS_MOVE = YES;
				CLANG_WARN_UNGUARDED_AVAILABILITY = YES_AGGRESSIVE;
				CLANG_WARN_UNREACHABLE_CODE = YES;
				CLANG_WARN__DUPLICATE_METHOD_MATCH = YES;
				COPY_PHASE_STRIP = NO;
				DEBUG_INFORMATION_FORMAT = dwarf;
				ENABLE_STRICT_OBJC_MSGSEND = YES;
				ENABLE_TESTABILITY = YES;
				GCC_C_LANGUAGE_STANDARD = gnu11;
				GCC_DYNAMIC_NO_PIC = NO;
				GCC_NO_COMMON_BLOCKS = YES;
				GCC_OPTIMIZATION_LEVEL = 0;
				GCC_PREPROCESSOR_DEFINITIONS = (
					"DEBUG=1",
					"$(inherited)",
				);
				GCC_WARN_64_TO_32_BIT_CONVERSION = YES;
				GCC_WARN_ABOUT_RETURN_TYPE = YES_ERROR;
				GCC_WARN_UNDECLARED_SELECTOR = YES;
				GCC_WARN_UNINITIALIZED_AUTOS = YES_AGGRESSIVE;
				GCC_WARN_UNUSED_FUNCTION = YES;
				GCC_WARN_UNUSED_VARIABLE = YES;
				IPHONEOS_DEPLOYMENT_TARGET = 15.2;
				MTL_ENABLE_DEBUG_INFO = INCLUDE_SOURCE;
				MTL_FAST_MATH = YES;
				ONLY_ACTIVE_ARCH = YES;
				SDKROOT = iphoneos;
				SWIFT_ACTIVE_COMPILATION_CONDITIONS = DEBUG;
				SWIFT_OPTIMIZATION_LEVEL = "-Onone";
			};
			name = Debug;
		};
		3BB081EB27DF616E00F718E4 /* Release */ = {
			isa = XCBuildConfiguration;
			buildSettings = {
				ALWAYS_SEARCH_USER_PATHS = NO;
				CLANG_ANALYZER_NONNULL = YES;
				CLANG_ANALYZER_NUMBER_OBJECT_CONVERSION = YES_AGGRESSIVE;
				CLANG_CXX_LANGUAGE_STANDARD = "gnu++17";
				CLANG_CXX_LIBRARY = "libc++";
				CLANG_ENABLE_MODULES = YES;
				CLANG_ENABLE_OBJC_ARC = YES;
				CLANG_ENABLE_OBJC_WEAK = YES;
				CLANG_WARN_BLOCK_CAPTURE_AUTORELEASING = YES;
				CLANG_WARN_BOOL_CONVERSION = YES;
				CLANG_WARN_COMMA = YES;
				CLANG_WARN_CONSTANT_CONVERSION = YES;
				CLANG_WARN_DEPRECATED_OBJC_IMPLEMENTATIONS = YES;
				CLANG_WARN_DIRECT_OBJC_ISA_USAGE = YES_ERROR;
				CLANG_WARN_DOCUMENTATION_COMMENTS = YES;
				CLANG_WARN_EMPTY_BODY = YES;
				CLANG_WARN_ENUM_CONVERSION = YES;
				CLANG_WARN_INFINITE_RECURSION = YES;
				CLANG_WARN_INT_CONVERSION = YES;
				CLANG_WARN_NON_LITERAL_NULL_CONVERSION = YES;
				CLANG_WARN_OBJC_IMPLICIT_RETAIN_SELF = YES;
				CLANG_WARN_OBJC_LITERAL_CONVERSION = YES;
				CLANG_WARN_OBJC_ROOT_CLASS = YES_ERROR;
				CLANG_WARN_QUOTED_INCLUDE_IN_FRAMEWORK_HEADER = YES;
				CLANG_WARN_RANGE_LOOP_ANALYSIS = YES;
				CLANG_WARN_STRICT_PROTOTYPES = YES;
				CLANG_WARN_SUSPICIOUS_MOVE = YES;
				CLANG_WARN_UNGUARDED_AVAILABILITY = YES_AGGRESSIVE;
				CLANG_WARN_UNREACHABLE_CODE = YES;
				CLANG_WARN__DUPLICATE_METHOD_MATCH = YES;
				COPY_PHASE_STRIP = NO;
				DEBUG_INFORMATION_FORMAT = "dwarf-with-dsym";
				ENABLE_NS_ASSERTIONS = NO;
				ENABLE_STRICT_OBJC_MSGSEND = YES;
				GCC_C_LANGUAGE_STANDARD = gnu11;
				GCC_NO_COMMON_BLOCKS = YES;
				GCC_WARN_64_TO_32_BIT_CONVERSION = YES;
				GCC_WARN_ABOUT_RETURN_TYPE = YES_ERROR;
				GCC_WARN_UNDECLARED_SELECTOR = YES;
				GCC_WARN_UNINITIALIZED_AUTOS = YES_AGGRESSIVE;
				GCC_WARN_UNUSED_FUNCTION = YES;
				GCC_WARN_UNUSED_VARIABLE = YES;
				IPHONEOS_DEPLOYMENT_TARGET = 15.2;
				MTL_ENABLE_DEBUG_INFO = NO;
				MTL_FAST_MATH = YES;
				ONLY_ACTIVE_ARCH = NO;
				SDKROOT = iphoneos;
				SWIFT_COMPILATION_MODE = wholemodule;
				SWIFT_OPTIMIZATION_LEVEL = "-O";
				VALIDATE_PRODUCT = YES;
			};
			name = Release;
		};
		3BB081ED27DF616E00F718E4 /* Debug */ = {
			isa = XCBuildConfiguration;
			baseConfigurationReference = F25F7C624AA6E7D03CDA4FAC /* Pods-Flash Chat.debug.xcconfig */;
			buildSettings = {
				ASSETCATALOG_COMPILER_APPICON_NAME = AppIcon;
				ASSETCATALOG_COMPILER_GLOBAL_ACCENT_COLOR_NAME = AccentColor;
				CODE_SIGN_ENTITLEMENTS = "Flash Chat/Flash Chat.entitlements";
				"CODE_SIGN_IDENTITY[sdk=macosx*]" = "Apple Development";
				CODE_SIGN_STYLE = Automatic;
				CURRENT_PROJECT_VERSION = 1;
				DEVELOPMENT_TEAM = T439V6N83P;
				EXCLUDED_ARCHS = "";
				GENERATE_INFOPLIST_FILE = YES;
				INFOPLIST_FILE = "Flash Chat/Info.plist";
				INFOPLIST_KEY_UIApplicationSupportsIndirectInputEvents = YES;
				INFOPLIST_KEY_UILaunchStoryboardName = LaunchScreen;
				INFOPLIST_KEY_UIMainStoryboardFile = Main;
				INFOPLIST_KEY_UISupportedInterfaceOrientations_iPad = "UIInterfaceOrientationPortrait UIInterfaceOrientationPortraitUpsideDown UIInterfaceOrientationLandscapeLeft UIInterfaceOrientationLandscapeRight";
				INFOPLIST_KEY_UISupportedInterfaceOrientations_iPhone = "UIInterfaceOrientationPortrait UIInterfaceOrientationLandscapeLeft UIInterfaceOrientationLandscapeRight";
				LD_RUNPATH_SEARCH_PATHS = (
					"$(inherited)",
					"@executable_path/Frameworks",
				);
				MARKETING_VERSION = 1.0;
				PRODUCT_BUNDLE_IDENTIFIER = "com.ilkinmamedov.Flash-Chat";
				PRODUCT_NAME = "$(TARGET_NAME)";
				SUPPORTS_MACCATALYST = YES;
				SWIFT_EMIT_LOC_STRINGS = YES;
				SWIFT_VERSION = 5.0;
				TARGETED_DEVICE_FAMILY = "1,2";
			};
			name = Debug;
		};
		3BB081EE27DF616E00F718E4 /* Release */ = {
			isa = XCBuildConfiguration;
			baseConfigurationReference = E559EEC40AFEC89B3B0B4A27 /* Pods-Flash Chat.release.xcconfig */;
			buildSettings = {
				ASSETCATALOG_COMPILER_APPICON_NAME = AppIcon;
				ASSETCATALOG_COMPILER_GLOBAL_ACCENT_COLOR_NAME = AccentColor;
				CODE_SIGN_ENTITLEMENTS = "Flash Chat/Flash Chat.entitlements";
				"CODE_SIGN_IDENTITY[sdk=macosx*]" = "Apple Development";
				CODE_SIGN_STYLE = Automatic;
				CURRENT_PROJECT_VERSION = 1;
				DEVELOPMENT_TEAM = T439V6N83P;
				EXCLUDED_ARCHS = "";
				GENERATE_INFOPLIST_FILE = YES;
				INFOPLIST_FILE = "Flash Chat/Info.plist";
				INFOPLIST_KEY_UIApplicationSupportsIndirectInputEvents = YES;
				INFOPLIST_KEY_UILaunchStoryboardName = LaunchScreen;
				INFOPLIST_KEY_UIMainStoryboardFile = Main;
				INFOPLIST_KEY_UISupportedInterfaceOrientations_iPad = "UIInterfaceOrientationPortrait UIInterfaceOrientationPortraitUpsideDown UIInterfaceOrientationLandscapeLeft UIInterfaceOrientationLandscapeRight";
				INFOPLIST_KEY_UISupportedInterfaceOrientations_iPhone = "UIInterfaceOrientationPortrait UIInterfaceOrientationLandscapeLeft UIInterfaceOrientationLandscapeRight";
				LD_RUNPATH_SEARCH_PATHS = (
					"$(inherited)",
					"@executable_path/Frameworks",
				);
				MARKETING_VERSION = 1.0;
				PRODUCT_BUNDLE_IDENTIFIER = "com.ilkinmamedov.Flash-Chat";
				PRODUCT_NAME = "$(TARGET_NAME)";
				SUPPORTS_MACCATALYST = YES;
				SWIFT_EMIT_LOC_STRINGS = YES;
				SWIFT_VERSION = 5.0;
				TARGETED_DEVICE_FAMILY = "1,2";
			};
			name = Release;
		};
/* End XCBuildConfiguration section */

/* Begin XCConfigurationList section */
		3BB081D327DF616B00F718E4 /* Build configuration list for PBXProject "Flash Chat" */ = {
			isa = XCConfigurationList;
			buildConfigurations = (
				3BB081EA27DF616E00F718E4 /* Debug */,
				3BB081EB27DF616E00F718E4 /* Release */,
			);
			defaultConfigurationIsVisible = 0;
			defaultConfigurationName = Release;
		};
		3BB081EC27DF616E00F718E4 /* Build configuration list for PBXNativeTarget "Flash Chat" */ = {
			isa = XCConfigurationList;
			buildConfigurations = (
				3BB081ED27DF616E00F718E4 /* Debug */,
				3BB081EE27DF616E00F718E4 /* Release */,
			);
			defaultConfigurationIsVisible = 0;
			defaultConfigurationName = Release;
		};
/* End XCConfigurationList section */
	};
	rootObject = 3BB081D027DF616B00F718E4 /* Project object */;
}
