// !$*UTF8*$!
{
	archiveVersion = 1;
	classes = {
	};
	objectVersion = 55;
	objects = {

/* Begin PBXBuildFile section */
		3B1B879927DBC6C300AFD8EB /* WeatherModel.swift in Sources */ = {isa = PBXBuildFile; fileRef = 3B1B879827DBC6C300AFD8EB /* WeatherModel.swift */; };
		3B1B879B27DBDA6000AFD8EB /* WeatherManagerDelegate.swift in Sources */ = {isa = PBXBuildFile; fileRef = 3B1B879A27DBDA6000AFD8EB /* WeatherManagerDelegate.swift */; };
		3BB3AD1227DB5EE000DC6188 /* WeatherManager.swift in Sources */ = {isa = PBXBuildFile; fileRef = 3BB3AD1127DB5EE000DC6188 /* WeatherManager.swift */; };
		3BB3AD1427DB716400DC6188 /* WeatherData.swift in Sources */ = {isa = PBXBuildFile; fileRef = 3BB3AD1327DB716400DC6188 /* WeatherData.swift */; };
		3BEE065A27DA7F9100CBD23B /* AppDelegate.swift in Sources */ = {isa = PBXBuildFile; fileRef = 3BEE065927DA7F9100CBD23B /* AppDelegate.swift */; };
		3BEE065C27DA7F9100CBD23B /* SceneDelegate.swift in Sources */ = {isa = PBXBuildFile; fileRef = 3BEE065B27DA7F9100CBD23B /* SceneDelegate.swift */; };
		3BEE065E27DA7F9100CBD23B /* WeatherViewController.swift in Sources */ = {isa = PBXBuildFile; fileRef = 3BEE065D27DA7F9100CBD23B /* WeatherViewController.swift */; };
		3BEE066127DA7F9100CBD23B /* Main.storyboard in Resources */ = {isa = PBXBuildFile; fileRef = 3BEE065F27DA7F9100CBD23B /* Main.storyboard */; };
		3BEE066327DA7F9500CBD23B /* Assets.xcassets in Resources */ = {isa = PBXBuildFile; fileRef = 3BEE066227DA7F9500CBD23B /* Assets.xcassets */; };
		3BEE066627DA7F9500CBD23B /* LaunchScreen.storyboard in Resources */ = {isa = PBXBuildFile; fileRef = 3BEE066427DA7F9500CBD23B /* LaunchScreen.storyboard */; };
/* End PBXBuildFile section */

/* Begin PBXFileReference section */
		3B08CBB427E9FE010064336D /* Clima.entitlements */ = {isa = PBXFileReference; lastKnownFileType = text.plist.entitlements; path = Clima.entitlements; sourceTree = "<group>"; };
		3B1B879827DBC6C300AFD8EB /* WeatherModel.swift */ = {isa = PBXFileReference; lastKnownFileType = sourcecode.swift; path = WeatherModel.swift; sourceTree = "<group>"; };
		3B1B879A27DBDA6000AFD8EB /* WeatherManagerDelegate.swift */ = {isa = PBXFileReference; lastKnownFileType = sourcecode.swift; path = WeatherManagerDelegate.swift; sourceTree = "<group>"; };
		3BB3AD1127DB5EE000DC6188 /* WeatherManager.swift */ = {isa = PBXFileReference; lastKnownFileType = sourcecode.swift; path = WeatherManager.swift; sourceTree = "<group>"; };
		3BB3AD1327DB716400DC6188 /* WeatherData.swift */ = {isa = PBXFileReference; lastKnownFileType = sourcecode.swift; path = WeatherData.swift; sourceTree = "<group>"; };
		3BEE065627DA7F9100CBD23B /* Clima.app */ = {isa = PBXFileReference; explicitFileType = wrapper.application; includeInIndex = 0; path = Clima.app; sourceTree = BUILT_PRODUCTS_DIR; };
		3BEE065927DA7F9100CBD23B /* AppDelegate.swift */ = {isa = PBXFileReference; lastKnownFileType = sourcecode.swift; path = AppDelegate.swift; sourceTree = "<group>"; };
		3BEE065B27DA7F9100CBD23B /* SceneDelegate.swift */ = {isa = PBXFileReference; lastKnownFileType = sourcecode.swift; path = SceneDelegate.swift; sourceTree = "<group>"; };
		3BEE065D27DA7F9100CBD23B /* WeatherViewController.swift */ = {isa = PBXFileReference; lastKnownFileType = sourcecode.swift; path = WeatherViewController.swift; sourceTree = "<group>"; };
		3BEE066027DA7F9100CBD23B /* Base */ = {isa = PBXFileReference; lastKnownFileType = file.storyboard; name = Base; path = Base.lproj/Main.storyboard; sourceTree = "<group>"; };
		3BEE066227DA7F9500CBD23B /* Assets.xcassets */ = {isa = PBXFileReference; lastKnownFileType = folder.assetcatalog; path = Assets.xcassets; sourceTree = "<group>"; };
		3BEE066527DA7F9500CBD23B /* Base */ = {isa = PBXFileReference; lastKnownFileType = file.storyboard; name = Base; path = Base.lproj/LaunchScreen.storyboard; sourceTree = "<group>"; };
		3BEE066727DA7F9500CBD23B /* Info.plist */ = {isa = PBXFileReference; lastKnownFileType = text.plist.xml; path = Info.plist; sourceTree = "<group>"; };
/* End PBXFileReference section */

/* Begin PBXFrameworksBuildPhase section */
		3BEE065327DA7F9100CBD23B /* Frameworks */ = {
			isa = PBXFrameworksBuildPhase;
			buildActionMask = 2147483647;
			files = (
			);
			runOnlyForDeploymentPostprocessing = 0;
		};
/* End PBXFrameworksBuildPhase section */

/* Begin PBXGroup section */
		3BEE064D27DA7F9100CBD23B = {
			isa = PBXGroup;
			children = (
				3BEE065827DA7F9100CBD23B /* Clima */,
				3BEE065727DA7F9100CBD23B /* Products */,
			);
			sourceTree = "<group>";
		};
		3BEE065727DA7F9100CBD23B /* Products */ = {
			isa = PBXGroup;
			children = (
				3BEE065627DA7F9100CBD23B /* Clima.app */,
			);
			name = Products;
			sourceTree = "<group>";
		};
		3BEE065827DA7F9100CBD23B /* Clima */ = {
			isa = PBXGroup;
			children = (
				3B08CBB427E9FE010064336D /* Clima.entitlements */,
				3BEE065927DA7F9100CBD23B /* AppDelegate.swift */,
				3BEE065B27DA7F9100CBD23B /* SceneDelegate.swift */,
				3BEE066F27DA84A000CBD23B /* Model */,
				3BEE066D27DA848300CBD23B /* View */,
				3BEE066E27DA848900CBD23B /* Controller */,
				3BEE066227DA7F9500CBD23B /* Assets.xcassets */,
				3BEE066427DA7F9500CBD23B /* LaunchScreen.storyboard */,
				3BEE066727DA7F9500CBD23B /* Info.plist */,
			);
			path = Clima;
			sourceTree = "<group>";
		};
		3BEE066D27DA848300CBD23B /* View */ = {
			isa = PBXGroup;
			children = (
				3BEE065F27DA7F9100CBD23B /* Main.storyboard */,
			);
			path = View;
			sourceTree = "<group>";
		};
		3BEE066E27DA848900CBD23B /* Controller */ = {
			isa = PBXGroup;
			children = (
				3BEE065D27DA7F9100CBD23B /* WeatherViewController.swift */,
			);
			path = Controller;
			sourceTree = "<group>";
		};
		3BEE066F27DA84A000CBD23B /* Model */ = {
			isa = PBXGroup;
			children = (
				3BB3AD1127DB5EE000DC6188 /* WeatherManager.swift */,
				3BB3AD1327DB716400DC6188 /* WeatherData.swift */,
				3B1B879827DBC6C300AFD8EB /* WeatherModel.swift */,
				3B1B879A27DBDA6000AFD8EB /* WeatherManagerDelegate.swift */,
			);
			path = Model;
			sourceTree = "<group>";
		};
/* End PBXGroup section */

/* Begin PBXNativeTarget section */
		3BEE065527DA7F9100CBD23B /* Clima */ = {
			isa = PBXNativeTarget;
			buildConfigurationList = 3BEE066A27DA7F9500CBD23B /* Build configuration list for PBXNativeTarget "Clima" */;
			buildPhases = (
				3BEE065227DA7F9100CBD23B /* Sources */,
				3BEE065327DA7F9100CBD23B /* Frameworks */,
				3BEE065427DA7F9100CBD23B /* Resources */,
			);
			buildRules = (
			);
			dependencies = (
			);
			name = Clima;
			productName = Clima;
			productReference = 3BEE065627DA7F9100CBD23B /* Clima.app */;
			productType = "com.apple.product-type.application";
		};
/* End PBXNativeTarget section */

/* Begin PBXProject section */
		3BEE064E27DA7F9100CBD23B /* Project object */ = {
			isa = PBXProject;
			attributes = {
				BuildIndependentTargetsInParallel = 1;
				LastSwiftUpdateCheck = 1320;
				LastUpgradeCheck = 1320;
				TargetAttributes = {
					3BEE065527DA7F9100CBD23B = {
						CreatedOnToolsVersion = 13.2.1;
					};
				};
			};
			buildConfigurationList = 3BEE065127DA7F9100CBD23B /* Build configuration list for PBXProject "Clima" */;
			compatibilityVersion = "Xcode 13.0";
			developmentRegion = en;
			hasScannedForEncodings = 0;
			knownRegions = (
				en,
				Base,
			);
			mainGroup = 3BEE064D27DA7F9100CBD23B;
			productRefGroup = 3BEE065727DA7F9100CBD23B /* Products */;
			projectDirPath = "";
			projectRoot = "";
			targets = (
				3BEE065527DA7F9100CBD23B /* Clima */,
			);
		};
/* End PBXProject section */

/* Begin PBXResourcesBuildPhase section */
		3BEE065427DA7F9100CBD23B /* Resources */ = {
			isa = PBXResourcesBuildPhase;
			buildActionMask = 2147483647;
			files = (
				3BEE066627DA7F9500CBD23B /* LaunchScreen.storyboard in Resources */,
				3BEE066327DA7F9500CBD23B /* Assets.xcassets in Resources */,
				3BEE066127DA7F9100CBD23B /* Main.storyboard in Resources */,
			);
			runOnlyForDeploymentPostprocessing = 0;
		};
/* End PBXResourcesBuildPhase section */

/* Begin PBXSourcesBuildPhase section */
		3BEE065227DA7F9100CBD23B /* Sources */ = {
			isa = PBXSourcesBuildPhase;
			buildActionMask = 2147483647;
			files = (
				3BEE065E27DA7F9100CBD23B /* WeatherViewController.swift in Sources */,
				3BB3AD1427DB716400DC6188 /* WeatherData.swift in Sources */,
				3BEE065A27DA7F9100CBD23B /* AppDelegate.swift in Sources */,
				3BB3AD1227DB5EE000DC6188 /* WeatherManager.swift in Sources */,
				3B1B879B27DBDA6000AFD8EB /* WeatherManagerDelegate.swift in Sources */,
				3B1B879927DBC6C300AFD8EB /* WeatherModel.swift in Sources */,
				3BEE065C27DA7F9100CBD23B /* SceneDelegate.swift in Sources */,
			);
			runOnlyForDeploymentPostprocessing = 0;
		};
/* End PBXSourcesBuildPhase section */

/* Begin PBXVariantGroup section */
		3BEE065F27DA7F9100CBD23B /* Main.storyboard */ = {
			isa = PBXVariantGroup;
			children = (
				3BEE066027DA7F9100CBD23B /* Base */,
			);
			name = Main.storyboard;
			sourceTree = "<group>";
		};
		3BEE066427DA7F9500CBD23B /* LaunchScreen.storyboard */ = {
			isa = PBXVariantGroup;
			children = (
				3BEE066527DA7F9500CBD23B /* Base */,
			);
			name = LaunchScreen.storyboard;
			sourceTree = "<group>";
		};
/* End PBXVariantGroup section */

/* Begin XCBuildConfiguration section */
		3BEE066827DA7F9500CBD23B /* Debug */ = {
			isa = XCBuildConfiguration;
			buildSettings = {
				ALWAYS_SEARCH_USER_PATHS = NO;
				CLANG_ANALYZER_NONNULL = YES;
				CLANG_ANALYZER_NUMBER_OBJECT_CONVERSION = YES_AGGRESSIVE;
				CLANG_CXX_LANGUAGE_STANDARD = "gnu++17";
				CLANG_CXX_LIBRARY = "libc++";
				CLANG_ENABLE_MODULES = YES;
				CLANG_ENABLE_OBJC_ARC = YES;
				CLANG_ENABLE_OBJC_WEAK = YES;
				CLANG_WARN_BLOCK_CAPTURE_AUTORELEASING = YES;
				CLANG_WARN_BOOL_CONVERSION = YES;
				CLANG_WARN_COMMA = YES;
				CLANG_WARN_CONSTANT_CONVERSION = YES;
				CLANG_WARN_DEPRECATED_OBJC_IMPLEMENTATIONS = YES;
				CLANG_WARN_DIRECT_OBJC_ISA_USAGE = YES_ERROR;
				CLANG_WARN_DOCUMENTATION_COMMENTS = YES;
				CLANG_WARN_EMPTY_BODY = YES;
				CLANG_WARN_ENUM_CONVERSION = YES;
				CLANG_WARN_INFINITE_RECURSION = YES;
				CLANG_WARN_INT_CONVERSION = YES;
				CLANG_WARN_NON_LITERAL_NULL_CONVERSION = YES;
				CLANG_WARN_OBJC_IMPLICIT_RETAIN_SELF = YES;
				CLANG_WARN_OBJC_LITERAL_CONVERSION = YES;
				CLANG_WARN_OBJC_ROOT_CLASS = YES_ERROR;
				CLANG_WARN_QUOTED_INCLUDE_IN_FRAMEWORK_HEADER = YES;
				CLANG_WARN_RANGE_LOOP_ANALYSIS = YES;
				CLANG_WARN_STRICT_PROTOTYPES = YES;
				CLANG_WARN_SUSPICIOUS_MOVE = YES;
				CLANG_WARN_UNGUARDED_AVAILABILITY = YES_AGGRESSIVE;
				CLANG_WARN_UNREACHABLE_CODE = YES;
				CLANG_WARN__DUPLICATE_METHOD_MATCH = YES;
				COPY_PHASE_STRIP = NO;
				DEBUG_INFORMATION_FORMAT = dwarf;
				ENABLE_STRICT_OBJC_MSGSEND = YES;
				ENABLE_TESTABILITY = YES;
				GCC_C_LANGUAGE_STANDARD = gnu11;
				GCC_DYNAMIC_NO_PIC = NO;
				GCC_NO_COMMON_BLOCKS = YES;
				GCC_OPTIMIZATION_LEVEL = 0;
				GCC_PREPROCESSOR_DEFINITIONS = (
					"DEBUG=1",
					"$(inherited)",
				);
				GCC_WARN_64_TO_32_BIT_CONVERSION = YES;
				GCC_WARN_ABOUT_RETURN_TYPE = YES_ERROR;
				GCC_WARN_UNDECLARED_SELECTOR = YES;
				GCC_WARN_UNINITIALIZED_AUTOS = YES_AGGRESSIVE;
				GCC_WARN_UNUSED_FUNCTION = YES;
				GCC_WARN_UNUSED_VARIABLE = YES;
				IPHONEOS_DEPLOYMENT_TARGET = 15.2;
				MTL_ENABLE_DEBUG_INFO = INCLUDE_SOURCE;
				MTL_FAST_MATH = YES;
				ONLY_ACTIVE_ARCH = YES;
				SDKROOT = iphoneos;
				SWIFT_ACTIVE_COMPILATION_CONDITIONS = DEBUG;
				SWIFT_OPTIMIZATION_LEVEL = "-Onone";
			};
			name = Debug;
		};
		3BEE066927DA7F9500CBD23B /* Release */ = {
			isa = XCBuildConfiguration;
			buildSettings = {
				ALWAYS_SEARCH_USER_PATHS = NO;
				CLANG_ANALYZER_NONNULL = YES;
				CLANG_ANALYZER_NUMBER_OBJECT_CONVERSION = YES_AGGRESSIVE;
				CLANG_CXX_LANGUAGE_STANDARD = "gnu++17";
				CLANG_CXX_LIBRARY = "libc++";
				CLANG_ENABLE_MODULES = YES;
				CLANG_ENABLE_OBJC_ARC = YES;
				CLANG_ENABLE_OBJC_WEAK = YES;
				CLANG_WARN_BLOCK_CAPTURE_AUTORELEASING = YES;
				CLANG_WARN_BOOL_CONVERSION = YES;
				CLANG_WARN_COMMA = YES;
				CLANG_WARN_CONSTANT_CONVERSION = YES;
				CLANG_WARN_DEPRECATED_OBJC_IMPLEMENTATIONS = YES;
				CLANG_WARN_DIRECT_OBJC_ISA_USAGE = YES_ERROR;
				CLANG_WARN_DOCUMENTATION_COMMENTS = YES;
				CLANG_WARN_EMPTY_BODY = YES;
				CLANG_WARN_ENUM_CONVERSION = YES;
				CLANG_WARN_INFINITE_RECURSION = YES;
				CLANG_WARN_INT_CONVERSION = YES;
				CLANG_WARN_NON_LITERAL_NULL_CONVERSION = YES;
				CLANG_WARN_OBJC_IMPLICIT_RETAIN_SELF = YES;
				CLANG_WARN_OBJC_LITERAL_CONVERSION = YES;
				CLANG_WARN_OBJC_ROOT_CLASS = YES_ERROR;
				CLANG_WARN_QUOTED_INCLUDE_IN_FRAMEWORK_HEADER = YES;
				CLANG_WARN_RANGE_LOOP_ANALYSIS = YES;
				CLANG_WARN_STRICT_PROTOTYPES = YES;
				CLANG_WARN_SUSPICIOUS_MOVE = YES;
				CLANG_WARN_UNGUARDED_AVAILABILITY = YES_AGGRESSIVE;
				CLANG_WARN_UNREACHABLE_CODE = YES;
				CLANG_WARN__DUPLICATE_METHOD_MATCH = YES;
				COPY_PHASE_STRIP = NO;
				DEBUG_INFORMATION_FORMAT = "dwarf-with-dsym";
				ENABLE_NS_ASSERTIONS = NO;
				ENABLE_STRICT_OBJC_MSGSEND = YES;
				GCC_C_LANGUAGE_STANDARD = gnu11;
				GCC_NO_COMMON_BLOCKS = YES;
				GCC_WARN_64_TO_32_BIT_CONVERSION = YES;
				GCC_WARN_ABOUT_RETURN_TYPE = YES_ERROR;
				GCC_WARN_UNDECLARED_SELECTOR = YES;
				GCC_WARN_UNINITIALIZED_AUTOS = YES_AGGRESSIVE;
				GCC_WARN_UNUSED_FUNCTION = YES;
				GCC_WARN_UNUSED_VARIABLE = YES;
				IPHONEOS_DEPLOYMENT_TARGET = 15.2;
				MTL_ENABLE_DEBUG_INFO = NO;
				MTL_FAST_MATH = YES;
				SDKROOT = iphoneos;
				SWIFT_COMPILATION_MODE = wholemodule;
				SWIFT_OPTIMIZATION_LEVEL = "-O";
				VALIDATE_PRODUCT = YES;
			};
			name = Release;
		};
		3BEE066B27DA7F9500CBD23B /* Debug */ = {
			isa = XCBuildConfiguration;
			buildSettings = {
				ASSETCATALOG_COMPILER_APPICON_NAME = AppIcon;
				ASSETCATALOG_COMPILER_GLOBAL_ACCENT_COLOR_NAME = AccentColor;
				CODE_SIGN_ENTITLEMENTS = Clima/Clima.entitlements;
				CODE_SIGN_STYLE = Automatic;
				CURRENT_PROJECT_VERSION = 1;
				DEVELOPMENT_TEAM = T439V6N83P;
				GENERATE_INFOPLIST_FILE = YES;
				INFOPLIST_FILE = Clima/Info.plist;
				INFOPLIST_KEY_UIApplicationSupportsIndirectInputEvents = YES;
				INFOPLIST_KEY_UILaunchStoryboardName = LaunchScreen;
				INFOPLIST_KEY_UIMainStoryboardFile = Main;
				INFOPLIST_KEY_UISupportedInterfaceOrientations_iPad = "UIInterfaceOrientationPortrait UIInterfaceOrientationPortraitUpsideDown UIInterfaceOrientationLandscapeLeft UIInterfaceOrientationLandscapeRight";
				INFOPLIST_KEY_UISupportedInterfaceOrientations_iPhone = "UIInterfaceOrientationPortrait UIInterfaceOrientationLandscapeLeft UIInterfaceOrientationLandscapeRight";
				IPHONEOS_DEPLOYMENT_TARGET = 15.2;
				LD_RUNPATH_SEARCH_PATHS = (
					"$(inherited)",
					"@executable_path/Frameworks",
				);
				MARKETING_VERSION = 1.0;
				PRODUCT_BUNDLE_IDENTIFIER = com.ilkinmamedov.Clima;
				PRODUCT_NAME = "$(TARGET_NAME)";
				SUPPORTS_MACCATALYST = YES;
				SWIFT_EMIT_LOC_STRINGS = YES;
				SWIFT_VERSION = 5.0;
				TARGETED_DEVICE_FAMILY = "1,2";
			};
			name = Debug;
		};
		3BEE066C27DA7F9500CBD23B /* Release */ = {
			isa = XCBuildConfiguration;
			buildSettings = {
				ASSETCATALOG_COMPILER_APPICON_NAME = AppIcon;
				ASSETCATALOG_COMPILER_GLOBAL_ACCENT_COLOR_NAME = AccentColor;
				CODE_SIGN_ENTITLEMENTS = Clima/Clima.entitlements;
				CODE_SIGN_STYLE = Automatic;
				CURRENT_PROJECT_VERSION = 1;
				DEVELOPMENT_TEAM = T439V6N83P;
				GENERATE_INFOPLIST_FILE = YES;
				INFOPLIST_FILE = Clima/Info.plist;
				INFOPLIST_KEY_UIApplicationSupportsIndirectInputEvents = YES;
				INFOPLIST_KEY_UILaunchStoryboardName = LaunchScreen;
				INFOPLIST_KEY_UIMainStoryboardFile = Main;
				INFOPLIST_KEY_UISupportedInterfaceOrientations_iPad = "UIInterfaceOrientationPortrait UIInterfaceOrientationPortraitUpsideDown UIInterfaceOrientationLandscapeLeft UIInterfaceOrientationLandscapeRight";
				INFOPLIST_KEY_UISupportedInterfaceOrientations_iPhone = "UIInterfaceOrientationPortrait UIInterfaceOrientationLandscapeLeft UIInterfaceOrientationLandscapeRight";
				IPHONEOS_DEPLOYMENT_TARGET = 15.2;
				LD_RUNPATH_SEARCH_PATHS = (
					"$(inherited)",
					"@executable_path/Frameworks",
				);
				MARKETING_VERSION = 1.0;
				PRODUCT_BUNDLE_IDENTIFIER = com.ilkinmamedov.Clima;
				PRODUCT_NAME = "$(TARGET_NAME)";
				SUPPORTS_MACCATALYST = YES;
				SWIFT_EMIT_LOC_STRINGS = YES;
				SWIFT_VERSION = 5.0;
				TARGETED_DEVICE_FAMILY = "1,2";
			};
			name = Release;
		};
/* End XCBuildConfiguration section */

/* Begin XCConfigurationList section */
		3BEE065127DA7F9100CBD23B /* Build configuration list for PBXProject "Clima" */ = {
			isa = XCConfigurationList;
			buildConfigurations = (
				3BEE066827DA7F9500CBD23B /* Debug */,
				3BEE066927DA7F9500CBD23B /* Release */,
			);
			defaultConfigurationIsVisible = 0;
			defaultConfigurationName = Release;
		};
		3BEE066A27DA7F9500CBD23B /* Build configuration list for PBXNativeTarget "Clima" */ = {
			isa = XCConfigurationList;
			buildConfigurations = (
				3BEE066B27DA7F9500CBD23B /* Debug */,
				3BEE066C27DA7F9500CBD23B /* Release */,
			);
			defaultConfigurationIsVisible = 0;
			defaultConfigurationName = Release;
		};
/* End XCConfigurationList section */
	};
	rootObject = 3BEE064E27DA7F9100CBD23B /* Project object */;
}
